// !$*UTF8*$!
{
	archiveVersion = 1;
	classes = {
	};
	objectVersion = 56;
	objects = {

/* Begin PBXBuildFile section */
		EF08EAA72A8114B200AACDBA /* PostModel.swift in Sources */ = {isa = PBXBuildFile; fileRef = EF08EAA62A8114B200AACDBA /* PostModel.swift */; };
		EF08EAAC2A8126C600AACDBA /* ProfilePostGridView.swift in Sources */ = {isa = PBXBuildFile; fileRef = EF08EAAB2A8126C600AACDBA /* ProfilePostGridView.swift */; };
		EF3B862F2A7F809D0089B0F6 /* LoginView.swift in Sources */ = {isa = PBXBuildFile; fileRef = EF3B862E2A7F809D0089B0F6 /* LoginView.swift */; };
		EF3B86312A7F87DA0089B0F6 /* AddEmailView.swift in Sources */ = {isa = PBXBuildFile; fileRef = EF3B86302A7F87DA0089B0F6 /* AddEmailView.swift */; };
		EF3B86332A7F8C440089B0F6 /* IGTextFieldModifier.swift in Sources */ = {isa = PBXBuildFile; fileRef = EF3B86322A7F8C440089B0F6 /* IGTextFieldModifier.swift */; };
		EF3B86352A7F8E6E0089B0F6 /* CreateUserNameView.swift in Sources */ = {isa = PBXBuildFile; fileRef = EF3B86342A7F8E6E0089B0F6 /* CreateUserNameView.swift */; };
		EF3B86372A7F96F80089B0F6 /* CreatePasswordView.swift in Sources */ = {isa = PBXBuildFile; fileRef = EF3B86362A7F96F80089B0F6 /* CreatePasswordView.swift */; };
		EF3B86392A7F98260089B0F6 /* CompleteSignUpView.swift in Sources */ = {isa = PBXBuildFile; fileRef = EF3B86382A7F98260089B0F6 /* CompleteSignUpView.swift */; };
		EF3B863D2A7FD1530089B0F6 /* IGButtonTextFieldModifier.swift in Sources */ = {isa = PBXBuildFile; fileRef = EF3B863C2A7FD1530089B0F6 /* IGButtonTextFieldModifier.swift */; };
		EF3B863F2A7FD2CC0089B0F6 /* UserModel.swift in Sources */ = {isa = PBXBuildFile; fileRef = EF3B863E2A7FD2CC0089B0F6 /* UserModel.swift */; };
		EF3B86412A7FDA250089B0F6 /* CurrentUserProfileView.swift in Sources */ = {isa = PBXBuildFile; fileRef = EF3B86402A7FDA250089B0F6 /* CurrentUserProfileView.swift */; };
		EF5A11B42A7BADE900C4DCB3 /* iInstagramApp.swift in Sources */ = {isa = PBXBuildFile; fileRef = EF5A11B32A7BADE900C4DCB3 /* iInstagramApp.swift */; };
		EF5A11B62A7BADE900C4DCB3 /* ContentView.swift in Sources */ = {isa = PBXBuildFile; fileRef = EF5A11B52A7BADE900C4DCB3 /* ContentView.swift */; };
		EF5A11B82A7BADEB00C4DCB3 /* Assets.xcassets in Resources */ = {isa = PBXBuildFile; fileRef = EF5A11B72A7BADEB00C4DCB3 /* Assets.xcassets */; };
		EF5A11BB2A7BADEB00C4DCB3 /* Preview Assets.xcassets in Resources */ = {isa = PBXBuildFile; fileRef = EF5A11BA2A7BADEB00C4DCB3 /* Preview Assets.xcassets */; };
		EF5A11CE2A7BAE7400C4DCB3 /* MainTabVIew.swift in Sources */ = {isa = PBXBuildFile; fileRef = EF5A11CD2A7BAE7400C4DCB3 /* MainTabVIew.swift */; };
		EF5A11D02A7BBAC100C4DCB3 /* ProfieView.swift in Sources */ = {isa = PBXBuildFile; fileRef = EF5A11CF2A7BBAC100C4DCB3 /* ProfieView.swift */; };
		EF5A11D32A7BBF7700C4DCB3 /* UserStatView.swift in Sources */ = {isa = PBXBuildFile; fileRef = EF5A11D22A7BBF7700C4DCB3 /* UserStatView.swift */; };
		EF5A11D52A7BCD5B00C4DCB3 /* FeedView.swift in Sources */ = {isa = PBXBuildFile; fileRef = EF5A11D42A7BCD5B00C4DCB3 /* FeedView.swift */; };
		EF5A11D72A7BCD6B00C4DCB3 /* FeedCell.swift in Sources */ = {isa = PBXBuildFile; fileRef = EF5A11D62A7BCD6B00C4DCB3 /* FeedCell.swift */; };
		EF5A11D92A7BDBFC00C4DCB3 /* SearchView.swift in Sources */ = {isa = PBXBuildFile; fileRef = EF5A11D82A7BDBFC00C4DCB3 /* SearchView.swift */; };
		EF85386A2A85046D00BADD37 /* LoginViewModel.swift in Sources */ = {isa = PBXBuildFile; fileRef = EF8538692A85046D00BADD37 /* LoginViewModel.swift */; };
		EF96944F2A82AAE600F78077 /* FirebaseAuth in Frameworks */ = {isa = PBXBuildFile; productRef = EF96944E2A82AAE600F78077 /* FirebaseAuth */; };
		EF9694512A82AAE600F78077 /* FirebaseFirestore in Frameworks */ = {isa = PBXBuildFile; productRef = EF9694502A82AAE600F78077 /* FirebaseFirestore */; };
		EF9694532A82AAE600F78077 /* FirebaseFirestoreSwift in Frameworks */ = {isa = PBXBuildFile; productRef = EF9694522A82AAE600F78077 /* FirebaseFirestoreSwift */; };
		EF9694552A82AAE600F78077 /* FirebaseStorage in Frameworks */ = {isa = PBXBuildFile; productRef = EF9694542A82AAE600F78077 /* FirebaseStorage */; };
		EF9694592A82ACBB00F78077 /* AuthService.swift in Sources */ = {isa = PBXBuildFile; fileRef = EF9694582A82ACBB00F78077 /* AuthService.swift */; };
		EF96945D2A82B20F00F78077 /* ContentViewModel.swift in Sources */ = {isa = PBXBuildFile; fileRef = EF96945C2A82B20F00F78077 /* ContentViewModel.swift */; };
		EF96945F2A82B37800F78077 /* GoogleService-Info.plist in Resources */ = {isa = PBXBuildFile; fileRef = EF96945E2A82B37800F78077 /* GoogleService-Info.plist */; };
		EF9694622A86766200F78077 /* UserService.swift in Sources */ = {isa = PBXBuildFile; fileRef = EF9694612A86766200F78077 /* UserService.swift */; };
		EF9694672A86773300F78077 /* SearchViewModel.swift in Sources */ = {isa = PBXBuildFile; fileRef = EF9694662A86773300F78077 /* SearchViewModel.swift */; };
		EFD3E0E52A8233190015E0C6 /* UploadPostView.swift in Sources */ = {isa = PBXBuildFile; fileRef = EFD3E0E42A8233190015E0C6 /* UploadPostView.swift */; };
		EFD3E0E72A8238230015E0C6 /* UploadPostViewModel.swift in Sources */ = {isa = PBXBuildFile; fileRef = EFD3E0E62A8238230015E0C6 /* UploadPostViewModel.swift */; };
		EFDAAF762A8367AE00CD6FF8 /* RegistrationViewModel.swift in Sources */ = {isa = PBXBuildFile; fileRef = EFDAAF752A8367AE00CD6FF8 /* RegistrationViewModel.swift */; };
/* End PBXBuildFile section */

/* Begin PBXFileReference section */
		EF08EAA62A8114B200AACDBA /* PostModel.swift */ = {isa = PBXFileReference; lastKnownFileType = sourcecode.swift; path = PostModel.swift; sourceTree = "<group>"; };
		EF08EAAB2A8126C600AACDBA /* ProfilePostGridView.swift */ = {isa = PBXFileReference; lastKnownFileType = sourcecode.swift; path = ProfilePostGridView.swift; sourceTree = "<group>"; };
		EF3B862E2A7F809D0089B0F6 /* LoginView.swift */ = {isa = PBXFileReference; lastKnownFileType = sourcecode.swift; name = LoginView.swift; path = iInstagram/Core/Authentication/View/LoginView.swift; sourceTree = SOURCE_ROOT; };
		EF3B86302A7F87DA0089B0F6 /* AddEmailView.swift */ = {isa = PBXFileReference; lastKnownFileType = sourcecode.swift; name = AddEmailView.swift; path = iInstagram/Core/Authentication/View/AddEmailView.swift; sourceTree = SOURCE_ROOT; };
		EF3B86322A7F8C440089B0F6 /* IGTextFieldModifier.swift */ = {isa = PBXFileReference; lastKnownFileType = sourcecode.swift; path = IGTextFieldModifier.swift; sourceTree = "<group>"; };
		EF3B86342A7F8E6E0089B0F6 /* CreateUserNameView.swift */ = {isa = PBXFileReference; lastKnownFileType = sourcecode.swift; name = CreateUserNameView.swift; path = iInstagram/Core/Authentication/View/CreateUserNameView.swift; sourceTree = SOURCE_ROOT; };
		EF3B86362A7F96F80089B0F6 /* CreatePasswordView.swift */ = {isa = PBXFileReference; lastKnownFileType = sourcecode.swift; name = CreatePasswordView.swift; path = iInstagram/Core/Authentication/View/CreatePasswordView.swift; sourceTree = SOURCE_ROOT; };
		EF3B86382A7F98260089B0F6 /* CompleteSignUpView.swift */ = {isa = PBXFileReference; lastKnownFileType = sourcecode.swift; name = CompleteSignUpView.swift; path = iInstagram/Core/Authentication/View/CompleteSignUpView.swift; sourceTree = SOURCE_ROOT; };
		EF3B863C2A7FD1530089B0F6 /* IGButtonTextFieldModifier.swift */ = {isa = PBXFileReference; lastKnownFileType = sourcecode.swift; path = IGButtonTextFieldModifier.swift; sourceTree = "<group>"; };
		EF3B863E2A7FD2CC0089B0F6 /* UserModel.swift */ = {isa = PBXFileReference; lastKnownFileType = sourcecode.swift; name = UserModel.swift; path = iInstagram/Core/Components/UserModel.swift; sourceTree = SOURCE_ROOT; };
		EF3B86402A7FDA250089B0F6 /* CurrentUserProfileView.swift */ = {isa = PBXFileReference; lastKnownFileType = sourcecode.swift; path = CurrentUserProfileView.swift; sourceTree = "<group>"; };
		EF5A11B02A7BADE900C4DCB3 /* iInstagram.app */ = {isa = PBXFileReference; explicitFileType = wrapper.application; includeInIndex = 0; path = iInstagram.app; sourceTree = BUILT_PRODUCTS_DIR; };
		EF5A11B32A7BADE900C4DCB3 /* iInstagramApp.swift */ = {isa = PBXFileReference; lastKnownFileType = sourcecode.swift; path = iInstagramApp.swift; sourceTree = "<group>"; };
		EF5A11B52A7BADE900C4DCB3 /* ContentView.swift */ = {isa = PBXFileReference; lastKnownFileType = sourcecode.swift; path = ContentView.swift; sourceTree = "<group>"; };
		EF5A11B72A7BADEB00C4DCB3 /* Assets.xcassets */ = {isa = PBXFileReference; lastKnownFileType = folder.assetcatalog; path = Assets.xcassets; sourceTree = "<group>"; };
		EF5A11BA2A7BADEB00C4DCB3 /* Preview Assets.xcassets */ = {isa = PBXFileReference; lastKnownFileType = folder.assetcatalog; path = "Preview Assets.xcassets"; sourceTree = "<group>"; };
		EF5A11CD2A7BAE7400C4DCB3 /* MainTabVIew.swift */ = {isa = PBXFileReference; lastKnownFileType = sourcecode.swift; path = MainTabVIew.swift; sourceTree = "<group>"; };
		EF5A11CF2A7BBAC100C4DCB3 /* ProfieView.swift */ = {isa = PBXFileReference; lastKnownFileType = sourcecode.swift; path = ProfieView.swift; sourceTree = "<group>"; };
		EF5A11D22A7BBF7700C4DCB3 /* UserStatView.swift */ = {isa = PBXFileReference; lastKnownFileType = sourcecode.swift; path = UserStatView.swift; sourceTree = "<group>"; };
		EF5A11D42A7BCD5B00C4DCB3 /* FeedView.swift */ = {isa = PBXFileReference; lastKnownFileType = sourcecode.swift; path = FeedView.swift; sourceTree = "<group>"; };
		EF5A11D62A7BCD6B00C4DCB3 /* FeedCell.swift */ = {isa = PBXFileReference; lastKnownFileType = sourcecode.swift; path = FeedCell.swift; sourceTree = "<group>"; };
		EF5A11D82A7BDBFC00C4DCB3 /* SearchView.swift */ = {isa = PBXFileReference; lastKnownFileType = sourcecode.swift; path = SearchView.swift; sourceTree = "<group>"; };
		EF8538692A85046D00BADD37 /* LoginViewModel.swift */ = {isa = PBXFileReference; lastKnownFileType = sourcecode.swift; path = LoginViewModel.swift; sourceTree = "<group>"; };
		EF9694582A82ACBB00F78077 /* AuthService.swift */ = {isa = PBXFileReference; lastKnownFileType = sourcecode.swift; path = AuthService.swift; sourceTree = "<group>"; };
		EF96945C2A82B20F00F78077 /* ContentViewModel.swift */ = {isa = PBXFileReference; lastKnownFileType = sourcecode.swift; path = ContentViewModel.swift; sourceTree = "<group>"; };
		EF96945E2A82B37800F78077 /* GoogleService-Info.plist */ = {isa = PBXFileReference; fileEncoding = 4; lastKnownFileType = text.plist.xml; path = "GoogleService-Info.plist"; sourceTree = "<group>"; };
		EF9694612A86766200F78077 /* UserService.swift */ = {isa = PBXFileReference; lastKnownFileType = sourcecode.swift; path = UserService.swift; sourceTree = "<group>"; };
		EF9694662A86773300F78077 /* SearchViewModel.swift */ = {isa = PBXFileReference; lastKnownFileType = sourcecode.swift; path = SearchViewModel.swift; sourceTree = "<group>"; };
		EFD3E0E42A8233190015E0C6 /* UploadPostView.swift */ = {isa = PBXFileReference; lastKnownFileType = sourcecode.swift; path = UploadPostView.swift; sourceTree = "<group>"; };
		EFD3E0E62A8238230015E0C6 /* UploadPostViewModel.swift */ = {isa = PBXFileReference; lastKnownFileType = sourcecode.swift; path = UploadPostViewModel.swift; sourceTree = "<group>"; };
		EFDAAF752A8367AE00CD6FF8 /* RegistrationViewModel.swift */ = {isa = PBXFileReference; lastKnownFileType = sourcecode.swift; path = RegistrationViewModel.swift; sourceTree = "<group>"; };
/* End PBXFileReference section */

/* Begin PBXFrameworksBuildPhase section */
		EF5A11AD2A7BADE900C4DCB3 /* Frameworks */ = {
			isa = PBXFrameworksBuildPhase;
			buildActionMask = 2147483647;
			files = (
				EF96944F2A82AAE600F78077 /* FirebaseAuth in Frameworks */,
				EF9694552A82AAE600F78077 /* FirebaseStorage in Frameworks */,
				EF9694512A82AAE600F78077 /* FirebaseFirestore in Frameworks */,
				EF9694532A82AAE600F78077 /* FirebaseFirestoreSwift in Frameworks */,
			);
			runOnlyForDeploymentPostprocessing = 0;
		};
/* End PBXFrameworksBuildPhase section */

/* Begin PBXGroup section */
		EF5A11A72A7BADE900C4DCB3 = {
			isa = PBXGroup;
			children = (
				EF5A11B22A7BADE900C4DCB3 /* iInstagram */,
				EF5A11B12A7BADE900C4DCB3 /* Products */,
			);
			sourceTree = "<group>";
		};
		EF5A11B12A7BADE900C4DCB3 /* Products */ = {
			isa = PBXGroup;
			children = (
				EF5A11B02A7BADE900C4DCB3 /* iInstagram.app */,
			);
			name = Products;
			sourceTree = "<group>";
		};
		EF5A11B22A7BADE900C4DCB3 /* iInstagram */ = {
			isa = PBXGroup;
			children = (
				EF96945E2A82B37800F78077 /* GoogleService-Info.plist */,
				EFD3E0E92A825A820015E0C6 /* ViewModels */,
				EF5A11C52A7BAE1F00C4DCB3 /* Services */,
				EF5A11C42A7BAE1700C4DCB3 /* Models */,
				EF5A11C32A7BAE0700C4DCB3 /* Extensions */,
				EF5A11C22A7BADFF00C4DCB3 /* Core */,
				EF5A11C12A7BADF900C4DCB3 /* App */,
				EF5A11B72A7BADEB00C4DCB3 /* Assets.xcassets */,
				EF5A11B92A7BADEB00C4DCB3 /* Preview Content */,
			);
			path = iInstagram;
			sourceTree = "<group>";
		};
		EF5A11B92A7BADEB00C4DCB3 /* Preview Content */ = {
			isa = PBXGroup;
			children = (
				EF5A11BA2A7BADEB00C4DCB3 /* Preview Assets.xcassets */,
			);
			path = "Preview Content";
			sourceTree = "<group>";
		};
		EF5A11C12A7BADF900C4DCB3 /* App */ = {
			isa = PBXGroup;
			children = (
				EF5A11B32A7BADE900C4DCB3 /* iInstagramApp.swift */,
			);
			path = App;
			sourceTree = "<group>";
		};
		EF5A11C22A7BADFF00C4DCB3 /* Core */ = {
			isa = PBXGroup;
			children = (
				EF5A11D12A7BBF5F00C4DCB3 /* Components */,
				EF5A11CC2A7BAE6100C4DCB3 /* UploadPost */,
				EF5A11CB2A7BAE5400C4DCB3 /* TabBar */,
				EF5A11CA2A7BAE4D00C4DCB3 /* Search */,
				EF5A11C92A7BAE4800C4DCB3 /* Root */,
				EF5A11C82A7BAE3F00C4DCB3 /* Profile */,
				EF5A11C72A7BAE3800C4DCB3 /* Feed */,
				EF5A11C62A7BAE3000C4DCB3 /* Authentication */,
			);
			path = Core;
			sourceTree = "<group>";
		};
		EF5A11C32A7BAE0700C4DCB3 /* Extensions */ = {
			isa = PBXGroup;
			children = (
			);
			path = Extensions;
			sourceTree = "<group>";
		};
		EF5A11C42A7BAE1700C4DCB3 /* Models */ = {
			isa = PBXGroup;
			children = (
				EF3B863E2A7FD2CC0089B0F6 /* UserModel.swift */,
				EF08EAA62A8114B200AACDBA /* PostModel.swift */,
			);
			path = Models;
			sourceTree = "<group>";
		};
		EF5A11C52A7BAE1F00C4DCB3 /* Services */ = {
			isa = PBXGroup;
			children = (
				EF9694612A86766200F78077 /* UserService.swift */,
			);
			path = Services;
			sourceTree = "<group>";
		};
		EF5A11C62A7BAE3000C4DCB3 /* Authentication */ = {
			isa = PBXGroup;
			children = (
				EFDAAF742A83679F00CD6FF8 /* ViewModel */,
				EF9694572A82ACAA00F78077 /* Service */,
				EF9694562A82AC8E00F78077 /* View */,
			);
			path = Authentication;
			sourceTree = "<group>";
		};
		EF5A11C72A7BAE3800C4DCB3 /* Feed */ = {
			isa = PBXGroup;
			children = (
				EF5A11D42A7BCD5B00C4DCB3 /* FeedView.swift */,
				EF5A11D62A7BCD6B00C4DCB3 /* FeedCell.swift */,
			);
			path = Feed;
			sourceTree = "<group>";
		};
		EF5A11C82A7BAE3F00C4DCB3 /* Profile */ = {
			isa = PBXGroup;
			children = (
				EF3B86402A7FDA250089B0F6 /* CurrentUserProfileView.swift */,
				EF5A11CF2A7BBAC100C4DCB3 /* ProfieView.swift */,
			);
			path = Profile;
			sourceTree = "<group>";
		};
		EF5A11C92A7BAE4800C4DCB3 /* Root */ = {
			isa = PBXGroup;
			children = (
				EF96945B2A82B1F300F78077 /* ViewModel */,
				EF96945A2A82B1EB00F78077 /* View */,
			);
			path = Root;
			sourceTree = "<group>";
		};
		EF5A11CA2A7BAE4D00C4DCB3 /* Search */ = {
			isa = PBXGroup;
			children = (
				EF9694652A86771C00F78077 /* ViewModel */,
				EF9694642A86771600F78077 /* View */,
			);
			path = Search;
			sourceTree = "<group>";
		};
		EF5A11CB2A7BAE5400C4DCB3 /* TabBar */ = {
			isa = PBXGroup;
			children = (
				EF5A11CD2A7BAE7400C4DCB3 /* MainTabVIew.swift */,
			);
			path = TabBar;
			sourceTree = "<group>";
		};
		EF5A11CC2A7BAE6100C4DCB3 /* UploadPost */ = {
			isa = PBXGroup;
			children = (
				EFD3E0E42A8233190015E0C6 /* UploadPostView.swift */,
			);
			path = UploadPost;
			sourceTree = "<group>";
		};
		EF5A11D12A7BBF5F00C4DCB3 /* Components */ = {
			isa = PBXGroup;
			children = (
				EF5A11D22A7BBF7700C4DCB3 /* UserStatView.swift */,
				EF3B86322A7F8C440089B0F6 /* IGTextFieldModifier.swift */,
				EF3B863C2A7FD1530089B0F6 /* IGButtonTextFieldModifier.swift */,
				EF08EAAB2A8126C600AACDBA /* ProfilePostGridView.swift */,
			);
			path = Components;
			sourceTree = "<group>";
		};
		EF9694562A82AC8E00F78077 /* View */ = {
			isa = PBXGroup;
			children = (
				EF3B862E2A7F809D0089B0F6 /* LoginView.swift */,
				EF3B86302A7F87DA0089B0F6 /* AddEmailView.swift */,
				EF3B86342A7F8E6E0089B0F6 /* CreateUserNameView.swift */,
				EF3B86362A7F96F80089B0F6 /* CreatePasswordView.swift */,
				EF3B86382A7F98260089B0F6 /* CompleteSignUpView.swift */,
			);
			path = View;
			sourceTree = "<group>";
		};
		EF9694572A82ACAA00F78077 /* Service */ = {
			isa = PBXGroup;
			children = (
				EF9694582A82ACBB00F78077 /* AuthService.swift */,
			);
			path = Service;
			sourceTree = "<group>";
		};
		EF96945A2A82B1EB00F78077 /* View */ = {
			isa = PBXGroup;
			children = (
				EF5A11B52A7BADE900C4DCB3 /* ContentView.swift */,
			);
			path = View;
			sourceTree = "<group>";
		};
		EF96945B2A82B1F300F78077 /* ViewModel */ = {
			isa = PBXGroup;
			children = (
				EF96945C2A82B20F00F78077 /* ContentViewModel.swift */,
			);
			path = ViewModel;
			sourceTree = "<group>";
		};
		EF9694642A86771600F78077 /* View */ = {
			isa = PBXGroup;
			children = (
				EF5A11D82A7BDBFC00C4DCB3 /* SearchView.swift */,
			);
			path = View;
			sourceTree = "<group>";
		};
		EF9694652A86771C00F78077 /* ViewModel */ = {
			isa = PBXGroup;
			children = (
				EF9694662A86773300F78077 /* SearchViewModel.swift */,
			);
			path = ViewModel;
			sourceTree = "<group>";
		};
		EFD3E0E92A825A820015E0C6 /* ViewModels */ = {
			isa = PBXGroup;
			children = (
				EFD3E0E62A8238230015E0C6 /* UploadPostViewModel.swift */,
			);
			path = ViewModels;
			sourceTree = "<group>";
		};
		EFDAAF742A83679F00CD6FF8 /* ViewModel */ = {
			isa = PBXGroup;
			children = (
				EFDAAF752A8367AE00CD6FF8 /* RegistrationViewModel.swift */,
				EF8538692A85046D00BADD37 /* LoginViewModel.swift */,
			);
			path = ViewModel;
			sourceTree = "<group>";
		};
/* End PBXGroup section */

/* Begin PBXNativeTarget section */
		EF5A11AF2A7BADE900C4DCB3 /* iInstagram */ = {
			isa = PBXNativeTarget;
			buildConfigurationList = EF5A11BE2A7BADEB00C4DCB3 /* Build configuration list for PBXNativeTarget "iInstagram" */;
			buildPhases = (
				EF5A11AC2A7BADE900C4DCB3 /* Sources */,
				EF5A11AD2A7BADE900C4DCB3 /* Frameworks */,
				EF5A11AE2A7BADE900C4DCB3 /* Resources */,
			);
			buildRules = (
			);
			dependencies = (
			);
			name = iInstagram;
			packageProductDependencies = (
				EF96944E2A82AAE600F78077 /* FirebaseAuth */,
				EF9694502A82AAE600F78077 /* FirebaseFirestore */,
				EF9694522A82AAE600F78077 /* FirebaseFirestoreSwift */,
				EF9694542A82AAE600F78077 /* FirebaseStorage */,
			);
			productName = iInstagram;
			productReference = EF5A11B02A7BADE900C4DCB3 /* iInstagram.app */;
			productType = "com.apple.product-type.application";
		};
/* End PBXNativeTarget section */

/* Begin PBXProject section */
		EF5A11A82A7BADE900C4DCB3 /* Project object */ = {
			isa = PBXProject;
			attributes = {
				BuildIndependentTargetsInParallel = 1;
				LastSwiftUpdateCheck = 1430;
				LastUpgradeCheck = 1430;
				TargetAttributes = {
					EF5A11AF2A7BADE900C4DCB3 = {
						CreatedOnToolsVersion = 14.3.1;
					};
				};
			};
			buildConfigurationList = EF5A11AB2A7BADE900C4DCB3 /* Build configuration list for PBXProject "iInstagram" */;
			compatibilityVersion = "Xcode 14.0";
			developmentRegion = en;
			hasScannedForEncodings = 0;
			knownRegions = (
				en,
				Base,
			);
			mainGroup = EF5A11A72A7BADE900C4DCB3;
			packageReferences = (
				EF96944D2A82AAE600F78077 /* XCRemoteSwiftPackageReference "firebase-ios-sdk" */,
			);
			productRefGroup = EF5A11B12A7BADE900C4DCB3 /* Products */;
			projectDirPath = "";
			projectRoot = "";
			targets = (
				EF5A11AF2A7BADE900C4DCB3 /* iInstagram */,
			);
		};
/* End PBXProject section */

/* Begin PBXResourcesBuildPhase section */
		EF5A11AE2A7BADE900C4DCB3 /* Resources */ = {
			isa = PBXResourcesBuildPhase;
			buildActionMask = 2147483647;
			files = (
				EF5A11BB2A7BADEB00C4DCB3 /* Preview Assets.xcassets in Resources */,
				EF5A11B82A7BADEB00C4DCB3 /* Assets.xcassets in Resources */,
				EF96945F2A82B37800F78077 /* GoogleService-Info.plist in Resources */,
			);
			runOnlyForDeploymentPostprocessing = 0;
		};
/* End PBXResourcesBuildPhase section */

/* Begin PBXSourcesBuildPhase section */
		EF5A11AC2A7BADE900C4DCB3 /* Sources */ = {
			isa = PBXSourcesBuildPhase;
			buildActionMask = 2147483647;
			files = (
				EF08EAAC2A8126C600AACDBA /* ProfilePostGridView.swift in Sources */,
				EFD3E0E52A8233190015E0C6 /* UploadPostView.swift in Sources */,
				EF5A11D72A7BCD6B00C4DCB3 /* FeedCell.swift in Sources */,
				EF08EAA72A8114B200AACDBA /* PostModel.swift in Sources */,
				EF5A11B62A7BADE900C4DCB3 /* ContentView.swift in Sources */,
				EF9694592A82ACBB00F78077 /* AuthService.swift in Sources */,
				EF9694622A86766200F78077 /* UserService.swift in Sources */,
				EF3B86352A7F8E6E0089B0F6 /* CreateUserNameView.swift in Sources */,
				EF3B863D2A7FD1530089B0F6 /* IGButtonTextFieldModifier.swift in Sources */,
				EF5A11B42A7BADE900C4DCB3 /* iInstagramApp.swift in Sources */,
				EF3B862F2A7F809D0089B0F6 /* LoginView.swift in Sources */,
				EF5A11CE2A7BAE7400C4DCB3 /* MainTabVIew.swift in Sources */,
				EF3B86312A7F87DA0089B0F6 /* AddEmailView.swift in Sources */,
				EF96945D2A82B20F00F78077 /* ContentViewModel.swift in Sources */,
				EF85386A2A85046D00BADD37 /* LoginViewModel.swift in Sources */,
				EFDAAF762A8367AE00CD6FF8 /* RegistrationViewModel.swift in Sources */,
				EFD3E0E72A8238230015E0C6 /* UploadPostViewModel.swift in Sources */,
				EF3B86392A7F98260089B0F6 /* CompleteSignUpView.swift in Sources */,
				EF5A11D92A7BDBFC00C4DCB3 /* SearchView.swift in Sources */,
				EF3B863F2A7FD2CC0089B0F6 /* UserModel.swift in Sources */,
				EF3B86332A7F8C440089B0F6 /* IGTextFieldModifier.swift in Sources */,
				EF5A11D32A7BBF7700C4DCB3 /* UserStatView.swift in Sources */,
				EF5A11D52A7BCD5B00C4DCB3 /* FeedView.swift in Sources */,
				EF5A11D02A7BBAC100C4DCB3 /* ProfieView.swift in Sources */,
				EF9694672A86773300F78077 /* SearchViewModel.swift in Sources */,
				EF3B86372A7F96F80089B0F6 /* CreatePasswordView.swift in Sources */,
				EF3B86412A7FDA250089B0F6 /* CurrentUserProfileView.swift in Sources */,
			);
			runOnlyForDeploymentPostprocessing = 0;
		};
/* End PBXSourcesBuildPhase section */

/* Begin XCBuildConfiguration section */
		EF5A11BC2A7BADEB00C4DCB3 /* Debug */ = {
			isa = XCBuildConfiguration;
			buildSettings = {
				ALWAYS_SEARCH_USER_PATHS = NO;
				CLANG_ANALYZER_NONNULL = YES;
				CLANG_ANALYZER_NUMBER_OBJECT_CONVERSION = YES_AGGRESSIVE;
				CLANG_CXX_LANGUAGE_STANDARD = "gnu++20";
				CLANG_ENABLE_MODULES = YES;
				CLANG_ENABLE_OBJC_ARC = YES;
				CLANG_ENABLE_OBJC_WEAK = YES;
				CLANG_WARN_BLOCK_CAPTURE_AUTORELEASING = YES;
				CLANG_WARN_BOOL_CONVERSION = YES;
				CLANG_WARN_COMMA = YES;
				CLANG_WARN_CONSTANT_CONVERSION = YES;
				CLANG_WARN_DEPRECATED_OBJC_IMPLEMENTATIONS = YES;
				CLANG_WARN_DIRECT_OBJC_ISA_USAGE = YES_ERROR;
				CLANG_WARN_DOCUMENTATION_COMMENTS = YES;
				CLANG_WARN_EMPTY_BODY = YES;
				CLANG_WARN_ENUM_CONVERSION = YES;
				CLANG_WARN_INFINITE_RECURSION = YES;
				CLANG_WARN_INT_CONVERSION = YES;
				CLANG_WARN_NON_LITERAL_NULL_CONVERSION = YES;
				CLANG_WARN_OBJC_IMPLICIT_RETAIN_SELF = YES;
				CLANG_WARN_OBJC_LITERAL_CONVERSION = YES;
				CLANG_WARN_OBJC_ROOT_CLASS = YES_ERROR;
				CLANG_WARN_QUOTED_INCLUDE_IN_FRAMEWORK_HEADER = YES;
				CLANG_WARN_RANGE_LOOP_ANALYSIS = YES;
				CLANG_WARN_STRICT_PROTOTYPES = YES;
				CLANG_WARN_SUSPICIOUS_MOVE = YES;
				CLANG_WARN_UNGUARDED_AVAILABILITY = YES_AGGRESSIVE;
				CLANG_WARN_UNREACHABLE_CODE = YES;
				CLANG_WARN__DUPLICATE_METHOD_MATCH = YES;
				COPY_PHASE_STRIP = NO;
				DEBUG_INFORMATION_FORMAT = dwarf;
				ENABLE_STRICT_OBJC_MSGSEND = YES;
				ENABLE_TESTABILITY = YES;
				GCC_C_LANGUAGE_STANDARD = gnu11;
				GCC_DYNAMIC_NO_PIC = NO;
				GCC_NO_COMMON_BLOCKS = YES;
				GCC_OPTIMIZATION_LEVEL = 0;
				GCC_PREPROCESSOR_DEFINITIONS = (
					"DEBUG=1",
					"$(inherited)",
				);
				GCC_WARN_64_TO_32_BIT_CONVERSION = YES;
				GCC_WARN_ABOUT_RETURN_TYPE = YES_ERROR;
				GCC_WARN_UNDECLARED_SELECTOR = YES;
				GCC_WARN_UNINITIALIZED_AUTOS = YES_AGGRESSIVE;
				GCC_WARN_UNUSED_FUNCTION = YES;
				GCC_WARN_UNUSED_VARIABLE = YES;
				IPHONEOS_DEPLOYMENT_TARGET = 16.4;
				MTL_ENABLE_DEBUG_INFO = INCLUDE_SOURCE;
				MTL_FAST_MATH = YES;
				ONLY_ACTIVE_ARCH = YES;
				SDKROOT = iphoneos;
				SWIFT_ACTIVE_COMPILATION_CONDITIONS = DEBUG;
				SWIFT_OPTIMIZATION_LEVEL = "-Onone";
			};
			name = Debug;
		};
		EF5A11BD2A7BADEB00C4DCB3 /* Release */ = {
			isa = XCBuildConfiguration;
			buildSettings = {
				ALWAYS_SEARCH_USER_PATHS = NO;
				CLANG_ANALYZER_NONNULL = YES;
				CLANG_ANALYZER_NUMBER_OBJECT_CONVERSION = YES_AGGRESSIVE;
				CLANG_CXX_LANGUAGE_STANDARD = "gnu++20";
				CLANG_ENABLE_MODULES = YES;
				CLANG_ENABLE_OBJC_ARC = YES;
				CLANG_ENABLE_OBJC_WEAK = YES;
				CLANG_WARN_BLOCK_CAPTURE_AUTORELEASING = YES;
				CLANG_WARN_BOOL_CONVERSION = YES;
				CLANG_WARN_COMMA = YES;
				CLANG_WARN_CONSTANT_CONVERSION = YES;
				CLANG_WARN_DEPRECATED_OBJC_IMPLEMENTATIONS = YES;
				CLANG_WARN_DIRECT_OBJC_ISA_USAGE = YES_ERROR;
				CLANG_WARN_DOCUMENTATION_COMMENTS = YES;
				CLANG_WARN_EMPTY_BODY = YES;
				CLANG_WARN_ENUM_CONVERSION = YES;
				CLANG_WARN_INFINITE_RECURSION = YES;
				CLANG_WARN_INT_CONVERSION = YES;
				CLANG_WARN_NON_LITERAL_NULL_CONVERSION = YES;
				CLANG_WARN_OBJC_IMPLICIT_RETAIN_SELF = YES;
				CLANG_WARN_OBJC_LITERAL_CONVERSION = YES;
				CLANG_WARN_OBJC_ROOT_CLASS = YES_ERROR;
				CLANG_WARN_QUOTED_INCLUDE_IN_FRAMEWORK_HEADER = YES;
				CLANG_WARN_RANGE_LOOP_ANALYSIS = YES;
				CLANG_WARN_STRICT_PROTOTYPES = YES;
				CLANG_WARN_SUSPICIOUS_MOVE = YES;
				CLANG_WARN_UNGUARDED_AVAILABILITY = YES_AGGRESSIVE;
				CLANG_WARN_UNREACHABLE_CODE = YES;
				CLANG_WARN__DUPLICATE_METHOD_MATCH = YES;
				COPY_PHASE_STRIP = NO;
				DEBUG_INFORMATION_FORMAT = "dwarf-with-dsym";
				ENABLE_NS_ASSERTIONS = NO;
				ENABLE_STRICT_OBJC_MSGSEND = YES;
				GCC_C_LANGUAGE_STANDARD = gnu11;
				GCC_NO_COMMON_BLOCKS = YES;
				GCC_WARN_64_TO_32_BIT_CONVERSION = YES;
				GCC_WARN_ABOUT_RETURN_TYPE = YES_ERROR;
				GCC_WARN_UNDECLARED_SELECTOR = YES;
				GCC_WARN_UNINITIALIZED_AUTOS = YES_AGGRESSIVE;
				GCC_WARN_UNUSED_FUNCTION = YES;
				GCC_WARN_UNUSED_VARIABLE = YES;
				IPHONEOS_DEPLOYMENT_TARGET = 16.4;
				MTL_ENABLE_DEBUG_INFO = NO;
				MTL_FAST_MATH = YES;
				SDKROOT = iphoneos;
				SWIFT_COMPILATION_MODE = wholemodule;
				SWIFT_OPTIMIZATION_LEVEL = "-O";
				VALIDATE_PRODUCT = YES;
			};
			name = Release;
		};
		EF5A11BF2A7BADEB00C4DCB3 /* Debug */ = {
			isa = XCBuildConfiguration;
			buildSettings = {
				ASSETCATALOG_COMPILER_APPICON_NAME = AppIcon;
				ASSETCATALOG_COMPILER_GLOBAL_ACCENT_COLOR_NAME = AccentColor;
				CODE_SIGN_STYLE = Automatic;
				CURRENT_PROJECT_VERSION = 1;
				DEVELOPMENT_ASSET_PATHS = "\"iInstagram/Preview Content\"";
				ENABLE_PREVIEWS = YES;
				GENERATE_INFOPLIST_FILE = YES;
				INFOPLIST_KEY_UIApplicationSceneManifest_Generation = YES;
				INFOPLIST_KEY_UIApplicationSupportsIndirectInputEvents = YES;
				INFOPLIST_KEY_UILaunchScreen_Generation = YES;
				INFOPLIST_KEY_UISupportedInterfaceOrientations_iPad = "UIInterfaceOrientationPortrait UIInterfaceOrientationPortraitUpsideDown UIInterfaceOrientationLandscapeLeft UIInterfaceOrientationLandscapeRight";
				INFOPLIST_KEY_UISupportedInterfaceOrientations_iPhone = "UIInterfaceOrientationPortrait UIInterfaceOrientationLandscapeLeft UIInterfaceOrientationLandscapeRight";
				LD_RUNPATH_SEARCH_PATHS = (
					"$(inherited)",
					"@executable_path/Frameworks",
				);
				MARKETING_VERSION = 1.0;
				PRODUCT_BUNDLE_IDENTIFIER = com.workwithafridi.iInstagram;
				PRODUCT_NAME = "$(TARGET_NAME)";
				SWIFT_EMIT_LOC_STRINGS = YES;
				SWIFT_VERSION = 5.0;
				TARGETED_DEVICE_FAMILY = "1,2";
			};
			name = Debug;
		};
		EF5A11C02A7BADEB00C4DCB3 /* Release */ = {
			isa = XCBuildConfiguration;
			buildSettings = {
				ASSETCATALOG_COMPILER_APPICON_NAME = AppIcon;
				ASSETCATALOG_COMPILER_GLOBAL_ACCENT_COLOR_NAME = AccentColor;
				CODE_SIGN_STYLE = Automatic;
				CURRENT_PROJECT_VERSION = 1;
				DEVELOPMENT_ASSET_PATHS = "\"iInstagram/Preview Content\"";
				ENABLE_PREVIEWS = YES;
				GENERATE_INFOPLIST_FILE = YES;
				INFOPLIST_KEY_UIApplicationSceneManifest_Generation = YES;
				INFOPLIST_KEY_UIApplicationSupportsIndirectInputEvents = YES;
				INFOPLIST_KEY_UILaunchScreen_Generation = YES;
				INFOPLIST_KEY_UISupportedInterfaceOrientations_iPad = "UIInterfaceOrientationPortrait UIInterfaceOrientationPortraitUpsideDown UIInterfaceOrientationLandscapeLeft UIInterfaceOrientationLandscapeRight";
				INFOPLIST_KEY_UISupportedInterfaceOrientations_iPhone = "UIInterfaceOrientationPortrait UIInterfaceOrientationLandscapeLeft UIInterfaceOrientationLandscapeRight";
				LD_RUNPATH_SEARCH_PATHS = (
					"$(inherited)",
					"@executable_path/Frameworks",
				);
				MARKETING_VERSION = 1.0;
				PRODUCT_BUNDLE_IDENTIFIER = com.workwithafridi.iInstagram;
				PRODUCT_NAME = "$(TARGET_NAME)";
				SWIFT_EMIT_LOC_STRINGS = YES;
				SWIFT_VERSION = 5.0;
				TARGETED_DEVICE_FAMILY = "1,2";
			};
			name = Release;
		};
/* End XCBuildConfiguration section */

/* Begin XCConfigurationList section */
		EF5A11AB2A7BADE900C4DCB3 /* Build configuration list for PBXProject "iInstagram" */ = {
			isa = XCConfigurationList;
			buildConfigurations = (
				EF5A11BC2A7BADEB00C4DCB3 /* Debug */,
				EF5A11BD2A7BADEB00C4DCB3 /* Release */,
			);
			defaultConfigurationIsVisible = 0;
			defaultConfigurationName = Release;
		};
		EF5A11BE2A7BADEB00C4DCB3 /* Build configuration list for PBXNativeTarget "iInstagram" */ = {
			isa = XCConfigurationList;
			buildConfigurations = (
				EF5A11BF2A7BADEB00C4DCB3 /* Debug */,
				EF5A11C02A7BADEB00C4DCB3 /* Release */,
			);
			defaultConfigurationIsVisible = 0;
			defaultConfigurationName = Release;
		};
/* End XCConfigurationList section */

/* Begin XCRemoteSwiftPackageReference section */
		EF96944D2A82AAE600F78077 /* XCRemoteSwiftPackageReference "firebase-ios-sdk" */ = {
			isa = XCRemoteSwiftPackageReference;
			repositoryURL = "https://github.com/firebase/firebase-ios-sdk";
			requirement = {
				kind = upToNextMajorVersion;
				minimumVersion = 10.0.0;
			};
		};
/* End XCRemoteSwiftPackageReference section */

/* Begin XCSwiftPackageProductDependency section */
		EF96944E2A82AAE600F78077 /* FirebaseAuth */ = {
			isa = XCSwiftPackageProductDependency;
			package = EF96944D2A82AAE600F78077 /* XCRemoteSwiftPackageReference "firebase-ios-sdk" */;
			productName = FirebaseAuth;
		};
		EF9694502A82AAE600F78077 /* FirebaseFirestore */ = {
			isa = XCSwiftPackageProductDependency;
			package = EF96944D2A82AAE600F78077 /* XCRemoteSwiftPackageReference "firebase-ios-sdk" */;
			productName = FirebaseFirestore;
		};
		EF9694522A82AAE600F78077 /* FirebaseFirestoreSwift */ = {
			isa = XCSwiftPackageProductDependency;
			package = EF96944D2A82AAE600F78077 /* XCRemoteSwiftPackageReference "firebase-ios-sdk" */;
			productName = FirebaseFirestoreSwift;
		};
		EF9694542A82AAE600F78077 /* FirebaseStorage */ = {
			isa = XCSwiftPackageProductDependency;
			package = EF96944D2A82AAE600F78077 /* XCRemoteSwiftPackageReference "firebase-ios-sdk" */;
			productName = FirebaseStorage;
		};
/* End XCSwiftPackageProductDependency section */
	};
	rootObject = EF5A11A82A7BADE900C4DCB3 /* Project object */;
}
